
Microsoft Visual Studio Solution File, Format Version 12.00
# Visual Studio Version 17
VisualStudioVersion = 17.9.34728.123
MinimumVisualStudioVersion = 10.0.40219.1
Project("{FAE04EC0-301F-11D3-BF4B-00C04F79EFBC}") = "ArgumentsAndParameters", "ArgumentsAndParameters\ArgumentsAndParameters.csproj", "{9208D784-2B87-4388-8BD7-BE1A64B4A435}"
EndProject
Project("{FAE04EC0-301F-11D3-BF4B-00C04F79EFBC}") = "Calculator", "Calculator\Calculator.csproj", "{02D455B3-4EDB-496A-8D9B-24D292246C61}"
EndProject
Project("{FAE04EC0-301F-11D3-BF4B-00C04F79EFBC}") = "DiscountCalculator", "DiscountCalculator\DiscountCalculator.csproj", "{467B766C-A8C0-41C4-A1AB-CFB1F6AB5F0C}"
EndProject
Project("{FAE04EC0-301F-11D3-BF4B-00C04F79EFBC}") = "Functions", "Functions\Functions.csproj", "{3564D92E-0848-4B5C-A19B-E1A49B4B26F8}"
EndProject
Project("{FAE04EC0-301F-11D3-BF4B-00C04F79EFBC}") = "TempCalculator", "TempCalculator\TempCalculator.csproj", "{5FF4B1BE-BBCF-4376-9DA6-C458BD66EBF9}"
EndProject
Project("{FAE04EC0-301F-11D3-BF4B-00C04F79EFBC}") = "test", "test\test.csproj", "{A5EC41E7-16DE-4816-AE23-131D61CF2001}"
EndProject
Global
	GlobalSection(SolutionConfigurationPlatforms) = preSolution
		Debug|Any CPU = Debug|Any CPU
		Release|Any CPU = Release|Any CPU
	EndGlobalSection
	GlobalSection(ProjectConfigurationPlatforms) = postSolution
		{9208D784-2B87-4388-8BD7-BE1A64B4A435}.Debug|Any CPU.ActiveCfg = Debug|Any CPU
		{9208D784-2B87-4388-8BD7-BE1A64B4A435}.Debug|Any CPU.Build.0 = Debug|Any CPU
		{9208D784-2B87-4388-8BD7-BE1A64B4A435}.Release|Any CPU.ActiveCfg = Release|Any CPU
		{9208D784-2B87-4388-8BD7-BE1A64B4A435}.Release|Any CPU.Build.0 = Release|Any CPU
		{02D455B3-4EDB-496A-8D9B-24D292246C61}.Debug|Any CPU.ActiveCfg = Debug|Any CPU
		{02D455B3-4EDB-496A-8D9B-24D292246C61}.Debug|Any CPU.Build.0 = Debug|Any CPU
		{02D455B3-4EDB-496A-8D9B-24D292246C61}.Release|Any CPU.ActiveCfg = Release|Any CPU
		{02D455B3-4EDB-496A-8D9B-24D292246C61}.Release|Any CPU.Build.0 = Release|Any CPU
		{467B766C-A8C0-41C4-A1AB-CFB1F6AB5F0C}.Debug|Any CPU.ActiveCfg = Debug|Any CPU
		{467B766C-A8C0-41C4-A1AB-CFB1F6AB5F0C}.Debug|Any CPU.Build.0 = Debug|Any CPU
		{467B766C-A8C0-41C4-A1AB-CFB1F6AB5F0C}.Release|Any CPU.ActiveCfg = Release|Any CPU
		{467B766C-A8C0-41C4-A1AB-CFB1F6AB5F0C}.Release|Any CPU.Build.0 = Release|Any CPU
		{3564D92E-0848-4B5C-A19B-E1A49B4B26F8}.Debug|Any CPU.ActiveCfg = Debug|Any CPU
		{3564D92E-0848-4B5C-A19B-E1A49B4B26F8}.Debug|Any CPU.Build.0 = Debug|Any CPU
		{3564D92E-0848-4B5C-A19B-E1A49B4B26F8}.Release|Any CPU.ActiveCfg = Release|Any CPU
		{3564D92E-0848-4B5C-A19B-E1A49B4B26F8}.Release|Any CPU.Build.0 = Release|Any CPU
		{5FF4B1BE-BBCF-4376-9DA6-C458BD66EBF9}.Debug|Any CPU.ActiveCfg = Debug|Any CPU
		{5FF4B1BE-BBCF-4376-9DA6-C458BD66EBF9}.Debug|Any CPU.Build.0 = Debug|Any CPU
		{5FF4B1BE-BBCF-4376-9DA6-C458BD66EBF9}.Release|Any CPU.ActiveCfg = Release|Any CPU
		{5FF4B1BE-BBCF-4376-9DA6-C458BD66EBF9}.Release|Any CPU.Build.0 = Release|Any CPU
		{A5EC41E7-16DE-4816-AE23-131D61CF2001}.Debug|Any CPU.ActiveCfg = Debug|Any CPU
		{A5EC41E7-16DE-4816-AE23-131D61CF2001}.Debug|Any CPU.Build.0 = Debug|Any CPU
		{A5EC41E7-16DE-4816-AE23-131D61CF2001}.Release|Any CPU.ActiveCfg = Release|Any CPU
		{A5EC41E7-16DE-4816-AE23-131D61CF2001}.Release|Any CPU.Build.0 = Release|Any CPU
	EndGlobalSection
	GlobalSection(SolutionProperties) = preSolution
		HideSolutionNode = FALSE
	EndGlobalSection
	GlobalSection(ExtensibilityGlobals) = postSolution
		SolutionGuid = {142CBDE3-D547-4DA7-89C3-89B850F8A03E}
	EndGlobalSection
EndGlobal
